<?xml version="1.0" encoding="utf-8"?>
<Project ToolsVersion="4.0" xmlns="http://schemas.microsoft.com/developer/msbuild/2003">
  <ItemGroup>
    <Filter Include="Source Files">
      <UniqueIdentifier>{4FC737F1-C7A5-4376-A066-2A32D752A2FF}</UniqueIdentifier>
      <Extensions>cpp;c;cc;cxx;def;odl;idl;hpj;bat;asm;asmx</Extensions>
    </Filter>
    <Filter Include="Header Files">
      <UniqueIdentifier>{93995380-89BD-4b04-88EB-625FBE52EBFB}</UniqueIdentifier>
      <Extensions>h;hh;hpp;hxx;hm;inl;inc;xsd</Extensions>
    </Filter>
    <Filter Include="Resource Files">
      <UniqueIdentifier>{67DA6AB6-F800-4c08-8B7A-83BB121AAD01}</UniqueIdentifier>
      <Extensions>rc;ico;cur;bmp;dlg;rc2;rct;bin;rgs;gif;jpg;jpeg;jpe;resx;tiff;tif;png;wav;mfcribbon-ms</Extensions>
    </Filter>
    <Filter Include="Header Files\Resources">
      <UniqueIdentifier>{8acf6d75-d60a-405e-936b-3dcc99228f1a}</UniqueIdentifier>
    </Filter>
    <Filter Include="Source Files\Resources">
      <UniqueIdentifier>{450cd598-6272-4112-a708-528802d76554}</UniqueIdentifier>
    </Filter>
    <Filter Include="Source Files\Map">
      <UniqueIdentifier>{3044c6fe-a131-4bbe-b51e-5a814ea01515}</UniqueIdentifier>
    </Filter>
    <Filter Include="Header Files\Map">
      <UniqueIdentifier>{0cbed839-ae5b-4771-9a3a-2fe9488f4f75}</UniqueIdentifier>
    </Filter>
    <Filter Include="Source Files\Test">
      <UniqueIdentifier>{abf9fe21-4811-4c76-982a-62291e453593}</UniqueIdentifier>
    </Filter>
    <Filter Include="Header Files\Builder Pattern">
      <UniqueIdentifier>{90de3d4e-16e1-429a-8838-fa16e7f6c218}</UniqueIdentifier>
    </Filter>
  </ItemGroup>
  <ItemGroup>
    <ClCompile Include="House.cpp">
      <Filter>Source Files</Filter>
    </ClCompile>
    <ClCompile Include="HouseManager.cpp">
      <Filter>Source Files</Filter>
    </ClCompile>
    <ClCompile Include="main.cpp">
      <Filter>Source Files</Filter>
    </ClCompile>
    <ClCompile Include="Player.cpp">
      <Filter>Source Files</Filter>
    </ClCompile>
    <ClCompile Include="Resource.cpp">
      <Filter>Source Files</Filter>
    </ClCompile>
    <ClCompile Include="Powerplant.cpp">
      <Filter>Source Files</Filter>
    </ClCompile>
    <ClCompile Include="Powerplantmanager.cpp">
      <Filter>Source Files</Filter>
    </ClCompile>
    <ClCompile Include="Coal.cpp">
      <Filter>Source Files\Resources</Filter>
    </ClCompile>
    <ClCompile Include="Garbage.cpp">
      <Filter>Source Files\Resources</Filter>
    </ClCompile>
    <ClCompile Include="Oil.cpp">
      <Filter>Source Files\Resources</Filter>
    </ClCompile>
    <ClCompile Include="Uranium.cpp">
      <Filter>Source Files\Resources</Filter>
    </ClCompile>
    <ClCompile Include="ResourceManager.cpp">
      <Filter>Source Files\Resources</Filter>
    </ClCompile>
    <ClCompile Include="ResourceMarket.cpp">
      <Filter>Source Files\Resources</Filter>
    </ClCompile>
    <ClCompile Include="AreaManager.cpp">
      <Filter>Source Files\Map</Filter>
    </ClCompile>
    <ClCompile Include="Area.cpp">
      <Filter>Source Files\Map</Filter>
    </ClCompile>
    <ClCompile Include="CityManager.cpp">
      <Filter>Source Files\Map</Filter>
    </ClCompile>
    <ClCompile Include="City.cpp">
      <Filter>Source Files\Map</Filter>
    </ClCompile>
    <ClCompile Include="Map.cpp">
      <Filter>Source Files\Map</Filter>
    </ClCompile>
    <ClCompile Include="MapOfPlayersCity.cpp">
      <Filter>Source Files\Map</Filter>
    </ClCompile>
    <ClCompile Include="TestIOLoad.cpp">
      <Filter>Source Files\Test</Filter>
    </ClCompile>
    <ClCompile Include="MapTest.cpp">
      <Filter>Source Files\Test</Filter>
    </ClCompile>
    <ClCompile Include="ResMarketSaveTest.cpp">
      <Filter>Source Files\Test</Filter>
    </ClCompile>
    <ClCompile Include="Board.cpp">
      <Filter>Source Files</Filter>
    </ClCompile>
  </ItemGroup>
  <ItemGroup>
    <ClInclude Include="House.h">
      <Filter>Header Files</Filter>
    </ClInclude>
    <ClInclude Include="HouseManager.h">
      <Filter>Header Files</Filter>
    </ClInclude>
    <ClInclude Include="Player.h">
      <Filter>Header Files</Filter>
    </ClInclude>
    <ClInclude Include="Resource.h">
      <Filter>Header Files</Filter>
    </ClInclude>
    <ClInclude Include="Powerplant.h">
      <Filter>Header Files</Filter>
    </ClInclude>
    <ClInclude Include="PowerplantManager.h">
      <Filter>Header Files</Filter>
    </ClInclude>
    <ClInclude Include="Coal.h">
      <Filter>Header Files\Resources</Filter>
    </ClInclude>
    <ClInclude Include="Uranium.h">
      <Filter>Header Files\Resources</Filter>
    </ClInclude>
    <ClInclude Include="Garbage.h">
      <Filter>Header Files\Resources</Filter>
    </ClInclude>
    <ClInclude Include="Oil.h">
      <Filter>Header Files\Resources</Filter>
    </ClInclude>
    <ClInclude Include="ResourceManager.h">
      <Filter>Header Files\Resources</Filter>
    </ClInclude>
    <ClInclude Include="ResourceMarket.h">
      <Filter>Header Files\Resources</Filter>
    </ClInclude>
    <ClInclude Include="Area.h">
      <Filter>Header Files\Map</Filter>
    </ClInclude>
    <ClInclude Include="AreaManager.h">
      <Filter>Header Files\Map</Filter>
    </ClInclude>
    <ClInclude Include="City.h">
      <Filter>Header Files\Map</Filter>
    </ClInclude>
    <ClInclude Include="CityManager.h">
      <Filter>Header Files\Map</Filter>
    </ClInclude>
    <ClInclude Include="Map.h">
      <Filter>Header Files\Map</Filter>
    </ClInclude>
    <ClInclude Include="MapOfPlayersCity.h">
      <Filter>Header Files\Map</Filter>
    </ClInclude>
    <ClInclude Include="Board.h">
      <Filter>Header Files</Filter>
    </ClInclude>
    <ClInclude Include="GameLoaderSaver.h">
      <Filter>Header Files\Builder Pattern</Filter>
    </ClInclude>
    <ClInclude Include="BoardBuilder.h">
      <Filter>Header Files\Builder Pattern</Filter>
    </ClInclude>
    <ClInclude Include="NormalGameBuilder.h">
      <Filter>Header Files\Builder Pattern</Filter>
    </ClInclude>
  </ItemGroup>
  <ItemGroup>
    <None Include="Project2.vcxproj" />
    <None Include="Project2.vcxproj.filters" />
    <None Include="ClassDiagram.cd" />
    <None Include="ClassDiagram1.cd" />
  </ItemGroup>
</Project>